
Microsoft Visual Studio Solution File, Format Version 12.00
# Visual Studio Version 17
VisualStudioVersion = 17.9.34902.65
MinimumVisualStudioVersion = 10.0.40219.1
Project("{FAE04EC0-301F-11D3-BF4B-00C04F79EFBC}") = "SportsbookAPI", "SportsbookAPI.csproj", "{AA9F7FEC-0CB8-4CF3-8677-8B2518F9A2A7}"
EndProject
Project("{FAE04EC0-301F-11D3-BF4B-00C04F79EFBC}") = "SportsBookAPITests", "..\SportsBookAPITests\SportsBookAPITests.csproj", "{4444F2E0-4393-4962-9474-B087613221C7}"
EndProject
Global
	GlobalSection(SolutionConfigurationPlatforms) = preSolution
		Debug|Any CPU = Debug|Any CPU
		Release|Any CPU = Release|Any CPU
	EndGlobalSection
	GlobalSection(ProjectConfigurationPlatforms) = postSolution
		{AA9F7FEC-0CB8-4CF3-8677-8B2518F9A2A7}.Debug|Any CPU.ActiveCfg = Debug|Any CPU
		{AA9F7FEC-0CB8-4CF3-8677-8B2518F9A2A7}.Debug|Any CPU.Build.0 = Debug|Any CPU
		{AA9F7FEC-0CB8-4CF3-8677-8B2518F9A2A7}.Release|Any CPU.ActiveCfg = Release|Any CPU
		{AA9F7FEC-0CB8-4CF3-8677-8B2518F9A2A7}.Release|Any CPU.Build.0 = Release|Any CPU
		{4444F2E0-4393-4962-9474-B087613221C7}.Debug|Any CPU.ActiveCfg = Debug|Any CPU
		{4444F2E0-4393-4962-9474-B087613221C7}.Debug|Any CPU.Build.0 = Debug|Any CPU
		{4444F2E0-4393-4962-9474-B087613221C7}.Release|Any CPU.ActiveCfg = Release|Any CPU
		{4444F2E0-4393-4962-9474-B087613221C7}.Release|Any CPU.Build.0 = Release|Any CPU
	EndGlobalSection
	GlobalSection(SolutionProperties) = preSolution
		HideSolutionNode = FALSE
	EndGlobalSection
	GlobalSection(ExtensibilityGlobals) = postSolution
		SolutionGuid = {420AA088-8284-4AC8-959B-D81EB9FACA50}
	EndGlobalSection
EndGlobal
